github.com/gethugothemes/hugo-modules/components/cookie-consent v0.0.0-20220806035534-75ea3523a0f2 h1:0jz13pRwWemJ216wrGMQucuQqutr/r1GLfW7qDTOmwg=
github.com/gethugothemes/hugo-modules/components/cookie-consent v0.0.0-20220806035534-75ea3523a0f2/go.mod h1:sWzPbaJoZU+0ca82cv8xynDdCaFdr1WHMK1PTrK0EiM=
github.com/gethugothemes/hugo-modules/components/preloader v0.0.0-20220806035534-75ea3523a0f2 h1:BrPpMSREn65UK23gbzNpVqyfeiuAe76RAI7/3fsVfko=
github.com/gethugothemes/hugo-modules/components/preloader v0.0.0-20220806035534-75ea3523a0f2/go.mod h1:cge+6t2v+Z8CO/K94FwP7uMZoF+bzA0ctxaLh1WHrHc=
github.com/gethugothemes/hugo-modules/components/render-link v0.0.0-20220806035534-75ea3523a0f2 h1:AwXXKIWCdD/ZjlXIBKcOMfcYQ/L0U1deFWFwxjnldHY=
github.com/gethugothemes/hugo-modules/components/render-link v0.0.0-20220806035534-75ea3523a0f2/go.mod h1:+TDlxJ8OIYePBAcGVJVBXjEtawfvXU6ulU8w4LEgyOI=
github.com/gethugothemes/hugo-modules/gzip-caching v0.0.0-20220806035534-75ea3523a0f2 h1:d4iioFDtL+u/dSpEDVHN32NwF9SGhgLIGs/D7JR8Q30=
github.com/gethugothemes/hugo-modules/gzip-caching v0.0.0-20220806035534-75ea3523a0f2/go.mod h1:L6OgQZzB2qmj5499M4XSAvUXKG/vo6Sgmyaosjsjj84=
github.com/gethugothemes/hugo-modules/icons/font-awesome v0.0.0-20220806035534-75ea3523a0f2 h1:ru3IcW2fmdoX7KYW8ePFwvFW2cN5T+XMM2BjLd14/o8=
github.com/gethugothemes/hugo-modules/icons/font-awesome v0.0.0-20220806035534-75ea3523a0f2/go.mod h1:6oWFTnmfHxtDU3t6Wj4d4lmvBg/cZLb1l5CpnfOiS0c=
github.com/gethugothemes/hugo-modules/images v0.0.0-20220806035534-75ea3523a0f2 h1:VbcfN0sw62tM3f+n5KB54s5x+q5w3ZqP7HXtPKPXRek=
github.com/gethugothemes/hugo-modules/images v0.0.0-20220806035534-75ea3523a0f2/go.mod h1:kmJnNFAQo/bls1U8QpUD99FSB0ZqaiLI0NoxNIWBqg0=
github.com/gethugothemes/hugo-modules/pwa v0.0.0-20220806035534-75ea3523a0f2 h1:fhfAq5PVCa231Tdq6nVZDfkLIrv8UWkU6Tijg8Aj1qE=
github.com/gethugothemes/hugo-modules/pwa v0.0.0-20220806035534-75ea3523a0f2/go.mod h1:Md7tUKcLT/eGRi4OTKpi3AxHxZJULdDFUL/VOAMZe24=
github.com/gethugothemes/hugo-modules/seo-tools/baidu-analytics v0.0.0-20220806035534-75ea3523a0f2 h1:DKuTyf8BQiYJbd19plQp4x40Ey+zAJfKmcX1Wu3VjW4=
github.com/gethugothemes/hugo-modules/seo-tools/baidu-analytics v0.0.0-20220806035534-75ea3523a0f2/go.mod h1:5nK/nKxJjbLhiYwTAsDqcJM9TuXC/XYrs+kA2l3V78g=
github.com/gethugothemes/hugo-modules/seo-tools/basic-seo v0.0.0-20220806035534-75ea3523a0f2 h1:+zaQeMRwvxIRDxgstQNrweMs2QhmxTtsT7GE+n8P/fQ=
github.com/gethugothemes/hugo-modules/seo-tools/basic-seo v0.0.0-20220806035534-75ea3523a0f2/go.mod h1:1NoEXD4ibH6gAzyS4HwJqc6nXoQYUJBMpCfWdQzzm8A=
github.com/gethugothemes/hugo-modules/seo-tools/counter-analytics v0.0.0-20220806035534-75ea3523a0f2 h1:NtgX4ozMvGOnFhBKdlaWiGLvZGgt2IxoRM1YYBci8/g=
github.com/gethugothemes/hugo-modules/seo-tools/counter-analytics v0.0.0-20220806035534-75ea3523a0f2/go.mod h1:iTvG1ZX6AuQnVS7w2egtzlYiCFHS8ydtNkiFSf2ah+Y=
github.com/gethugothemes/hugo-modules/seo-tools/google-tag-manager v0.0.0-20220806035534-75ea3523a0f2 h1:9x4Vd7KIXK0QeWvQyN76WQCUmBN8yn1+ZPtRkpEKNBU=
github.com/gethugothemes/hugo-modules/seo-tools/google-tag-manager v0.0.0-20220806035534-75ea3523a0f2/go.mod h1:zORKJDYM+W1S7BL3OD7vB/W3skoJzDude5wSS7xh7u4=
github.com/gethugothemes/hugo-modules/seo-tools/matomo-analytics v0.0.0-20220806035534-75ea3523a0f2 h1:OOeaRByjPJk0qL9/iB9hwZVaqeHYLfYieC0RC0meFsc=
github.com/gethugothemes/hugo-modules/seo-tools/matomo-analytics v0.0.0-20220806035534-75ea3523a0f2/go.mod h1:CCx/ROCbZydd/KxGwIEp/BHLSpeG7QqS04gQv/jHIv4=
github.com/gethugothemes/hugo-modules/seo-tools/plausible-analytics v0.0.0-20220806035534-75ea3523a0f2 h1:m5cxbIxb5WHyzFzl/CbkKRwUx1OqwP50iY0EXpDqDLE=
github.com/gethugothemes/hugo-modules/seo-tools/plausible-analytics v0.0.0-20220806035534-75ea3523a0f2/go.mod h1:Q/QQkcNHEAolYrtxZ8EFVCv8ah2CrHhQ3+mbPvGzmKg=
github.com/gethugothemes/hugo-modules/seo-tools/site-verifications v0.0.0-20220806035534-75ea3523a0f2 h1:w3NYJfnAsAJ32pXNz5qIFh1N2hiLzr+Gfib/808usVg=
github.com/gethugothemes/hugo-modules/seo-tools/site-verifications v0.0.0-20220806035534-75ea3523a0f2/go.mod h1:tHubpePaBJfKBbNA4TVluIFU6a8XnnR+PaTScpfZE2w=
github.com/gethugothemes/hugo-modules/shortcodes/buttons v0.0.0-20220806035534-75ea3523a0f2 h1:2OUPRo71840lvPS4qnV8KjrUz0TaOs6N8IIRCGWjPTw=
github.com/gethugothemes/hugo-modules/shortcodes/buttons v0.0.0-20220806035534-75ea3523a0f2/go.mod h1:4KE94YGEyfAHgYJKmQhHVm4U6zF8udSNr0AyeAU1oCU=
github.com/gethugothemes/hugo-modules/shortcodes/collapse v0.0.0-20220806035534-75ea3523a0f2 h1:hHwW2BsrXFNaKdCZ4gcpFU69SYgHvnjFqP6YGF+tssM=
github.com/gethugothemes/hugo-modules/shortcodes/collapse v0.0.0-20220806035534-75ea3523a0f2/go.mod h1:9Bq8rrzsHP0H4cnlGh9Jgx+Y+iof1+7CWK/a3nImHCc=
github.com/gethugothemes/hugo-modules/shortcodes/gallery v0.0.0-20220806035534-75ea3523a0f2 h1:qeS7WlHLvBce0frvMS6gb7MA/q7+rUqH7jbceJteH2A=
github.com/gethugothemes/hugo-modules/shortcodes/gallery v0.0.0-20220806035534-75ea3523a0f2/go.mod h1:0IiyZojIP4jdCJjnFT7gAmPGzl/ZrAEN5fgZ1wcaWX4=
github.com/gethugothemes/hugo-modules/shortcodes/image v0.0.0-20220806035534-75ea3523a0f2 h1:R1BNth8FMBfalx//9Edd5agxObP3aAIuMfcZBVTE7k4=
github.com/gethugothemes/hugo-modules/shortcodes/image v0.0.0-20220806035534-75ea3523a0f2/go.mod h1:HQLF/WH52nSjSIo3DeztUZ+wLj+UlgeR2dwgtE2EqUg=
github.com/gethugothemes/hugo-modules/shortcodes/notice v0.0.0-20220806035534-75ea3523a0f2 h1:z8qR4qatsJ07MgeaJRRP/l1PLuQEsGAHMAPzbBuE8hk=
github.com/gethugothemes/hugo-modules/shortcodes/notice v0.0.0-20220806035534-75ea3523a0f2/go.mod h1:n2yAJO6bRpUQ1KDyTZhYeL+0p18gslzqFaDjzDxUeyk=
github.com/gethugothemes/hugo-modules/shortcodes/table-of-contents v0.0.0-20220806035534-75ea3523a0f2 h1:1wd8c0NgYcM/PcIg28DbNBNY0Xrv4q868pvK8qMC8F4=
github.com/gethugothemes/hugo-modules/shortcodes/table-of-contents v0.0.0-20220806035534-75ea3523a0f2/go.mod h1:E23tqmkeXRMR8IU8hTpG2oPM23MqV2FvCMcR1Xhg7nk=
github.com/gethugothemes/hugo-modules/shortcodes/tabs v0.0.0-20220806035534-75ea3523a0f2 h1:2tTQIFGM0hDJenlLr/ezfv+s8EUXV3FAFhLbk2gNyMc=
github.com/gethugothemes/hugo-modules/shortcodes/tabs v0.0.0-20220806035534-75ea3523a0f2/go.mod h1:1GbDNUufvDpQkk91HLfNsY041+1Y8q64ZJRNwreUhzY=
github.com/gethugothemes/hugo-modules/shortcodes/video v0.0.0-20220806035534-75ea3523a0f2 h1:I1i3Js9jYMIiZisFKDfDedmCKuqLwMxAoMRcWeRGeoY=
github.com/gethugothemes/hugo-modules/shortcodes/video v0.0.0-20220806035534-75ea3523a0f2/go.mod h1:0CCU/WXfZEL5d9P/ygxCwIBoFk3O2eNf3g8KlX/2oBw=
github.com/gethugothemes/hugo-modules/shortcodes/vimeo-lite v0.0.0-20220806035534-75ea3523a0f2 h1:OGYWuVMEZZ8kM8iqdYhMwdBFAxK4bCpK+hmLko3BEU8=
github.com/gethugothemes/hugo-modules/shortcodes/vimeo-lite v0.0.0-20220806035534-75ea3523a0f2/go.mod h1:wwR/HpUs1unDwSpnBKqhjEj69zfkaSRXOYX+aDdyMzA=
github.com/gethugothemes/hugo-modules/shortcodes/youtube-lite v0.0.0-20220806035534-75ea3523a0f2 h1:4daZ/5fues4tA4FbdoquJetheG0o/KokOL6s8QDnDC8=
github.com/gethugothemes/hugo-modules/shortcodes/youtube-lite v0.0.0-20220806035534-75ea3523a0f2/go.mod h1:PPyKn2XwfX8A8jt8J24w6XpTOFpsiDk6kz7/HfsF+Jc=
github.com/gohugoio/hugo-mod-bootstrap-scss/v5 v5.20101.20300 h1:1Xe5fPOjFpMakBfsXKzzKtdu/sfqoM0o7JuSp2l1RiU=
github.com/gohugoio/hugo-mod-bootstrap-scss/v5 v5.20101.20300/go.mod h1:/FiWjAJyOiVrC2vDur97ogmWIaBB+YS6jH7nf6cm+3E=
github.com/gohugoio/hugo-mod-jslibs-dist/popperjs/v2 v2.21100.20000/go.mod h1:mFberT6ZtcchrsDtfvJM7aAH2bDKLdOnruUHl0hlapI=
github.com/twbs/bootstrap v5.1.3+incompatible/go.mod h1:fZTSrkpSf0/HkL0IIJzvVspTt1r9zuf7XlZau8kpcY0=
